// !$*UTF8*$!
{
	archiveVersion = 1;
	classes = {
	};
	objectVersion = 56;
	objects = {

/* Begin PBXBuildFile section */
		E345085D293F888700060533 /* InstagramClone_SwiftUIApp.swift in Sources */ = {isa = PBXBuildFile; fileRef = E345085C293F888700060533 /* InstagramClone_SwiftUIApp.swift */; };
		E3450861293F888800060533 /* Assets.xcassets in Resources */ = {isa = PBXBuildFile; fileRef = E3450860293F888800060533 /* Assets.xcassets */; };
		E3450864293F888800060533 /* Preview Assets.xcassets in Resources */ = {isa = PBXBuildFile; fileRef = E3450863293F888800060533 /* Preview Assets.xcassets */; };
		E3B4FFEC293F890F00E4EF79 /* PhotoPostView.swift in Sources */ = {isa = PBXBuildFile; fileRef = E3B4FFE6293F890F00E4EF79 /* PhotoPostView.swift */; };
		E3B4FFED293F890F00E4EF79 /* BottomBarView.swift in Sources */ = {isa = PBXBuildFile; fileRef = E3B4FFE7293F890F00E4EF79 /* BottomBarView.swift */; };
		E3B4FFEE293F890F00E4EF79 /* SelfStoryElementView.swift in Sources */ = {isa = PBXBuildFile; fileRef = E3B4FFE8293F890F00E4EF79 /* SelfStoryElementView.swift */; };
		E3B4FFEF293F890F00E4EF79 /* ProfileCardView.swift in Sources */ = {isa = PBXBuildFile; fileRef = E3B4FFE9293F890F00E4EF79 /* ProfileCardView.swift */; };
		E3B4FFF0293F890F00E4EF79 /* HomeStoryElementView.swift in Sources */ = {isa = PBXBuildFile; fileRef = E3B4FFEA293F890F00E4EF79 /* HomeStoryElementView.swift */; };
		E3B4FFF1293F890F00E4EF79 /* HomeScreenBarView.swift in Sources */ = {isa = PBXBuildFile; fileRef = E3B4FFEB293F890F00E4EF79 /* HomeScreenBarView.swift */; };
		E3B4FFF3293F891800E4EF79 /* HomeView.swift in Sources */ = {isa = PBXBuildFile; fileRef = E3B4FFF2293F891800E4EF79 /* HomeView.swift */; };
/* End PBXBuildFile section */

/* Begin PBXFileReference section */
		E3450859293F888700060533 /* InstagramClone_SwiftUI.app */ = {isa = PBXFileReference; explicitFileType = wrapper.application; includeInIndex = 0; path = InstagramClone_SwiftUI.app; sourceTree = BUILT_PRODUCTS_DIR; };
		E345085C293F888700060533 /* InstagramClone_SwiftUIApp.swift */ = {isa = PBXFileReference; lastKnownFileType = sourcecode.swift; path = InstagramClone_SwiftUIApp.swift; sourceTree = "<group>"; };
		E3450860293F888800060533 /* Assets.xcassets */ = {isa = PBXFileReference; lastKnownFileType = folder.assetcatalog; path = Assets.xcassets; sourceTree = "<group>"; };
		E3450863293F888800060533 /* Preview Assets.xcassets */ = {isa = PBXFileReference; lastKnownFileType = folder.assetcatalog; path = "Preview Assets.xcassets"; sourceTree = "<group>"; };
		E3B4FFE6293F890F00E4EF79 /* PhotoPostView.swift */ = {isa = PBXFileReference; fileEncoding = 4; lastKnownFileType = sourcecode.swift; name = PhotoPostView.swift; path = ../../../../Instagram_Clone_SwiftUI/Instagram_Clone_SwiftUI/Core/Components/PhotoPostView.swift; sourceTree = "<group>"; };
		E3B4FFE7293F890F00E4EF79 /* BottomBarView.swift */ = {isa = PBXFileReference; fileEncoding = 4; lastKnownFileType = sourcecode.swift; name = BottomBarView.swift; path = ../../../../Instagram_Clone_SwiftUI/Instagram_Clone_SwiftUI/Core/Components/BottomBarView.swift; sourceTree = "<group>"; };
		E3B4FFE8293F890F00E4EF79 /* SelfStoryElementView.swift */ = {isa = PBXFileReference; fileEncoding = 4; lastKnownFileType = sourcecode.swift; name = SelfStoryElementView.swift; path = ../../../../Instagram_Clone_SwiftUI/Instagram_Clone_SwiftUI/Core/Components/SelfStoryElementView.swift; sourceTree = "<group>"; };
		E3B4FFE9293F890F00E4EF79 /* ProfileCardView.swift */ = {isa = PBXFileReference; fileEncoding = 4; lastKnownFileType = sourcecode.swift; name = ProfileCardView.swift; path = ../../../../Instagram_Clone_SwiftUI/Instagram_Clone_SwiftUI/Core/Components/ProfileCardView.swift; sourceTree = "<group>"; };
		E3B4FFEA293F890F00E4EF79 /* HomeStoryElementView.swift */ = {isa = PBXFileReference; fileEncoding = 4; lastKnownFileType = sourcecode.swift; name = HomeStoryElementView.swift; path = ../../../../Instagram_Clone_SwiftUI/Instagram_Clone_SwiftUI/Core/Components/HomeStoryElementView.swift; sourceTree = "<group>"; };
		E3B4FFEB293F890F00E4EF79 /* HomeScreenBarView.swift */ = {isa = PBXFileReference; fileEncoding = 4; lastKnownFileType = sourcecode.swift; name = HomeScreenBarView.swift; path = ../../../../Instagram_Clone_SwiftUI/Instagram_Clone_SwiftUI/Core/Components/HomeScreenBarView.swift; sourceTree = "<group>"; };
		E3B4FFF2293F891800E4EF79 /* HomeView.swift */ = {isa = PBXFileReference; fileEncoding = 4; lastKnownFileType = sourcecode.swift; name = HomeView.swift; path = ../../../../Instagram_Clone_SwiftUI/Instagram_Clone_SwiftUI/Core/Home/HomeView.swift; sourceTree = "<group>"; };
/* End PBXFileReference section */

/* Begin PBXFrameworksBuildPhase section */
		E3450856293F888700060533 /* Frameworks */ = {
			isa = PBXFrameworksBuildPhase;
			buildActionMask = 2147483647;
			files = (
			);
			runOnlyForDeploymentPostprocessing = 0;
		};
/* End PBXFrameworksBuildPhase section */

/* Begin PBXGroup section */
		E3450850293F888700060533 = {
			isa = PBXGroup;
			children = (
				E345085B293F888700060533 /* InstagramClone_SwiftUI */,
				E345085A293F888700060533 /* Products */,
			);
			sourceTree = "<group>";
		};
		E345085A293F888700060533 /* Products */ = {
			isa = PBXGroup;
			children = (
				E3450859293F888700060533 /* InstagramClone_SwiftUI.app */,
			);
			name = Products;
			sourceTree = "<group>";
		};
		E345085B293F888700060533 /* InstagramClone_SwiftUI */ = {
			isa = PBXGroup;
			children = (
				E3B4FFE3293F88C400E4EF79 /* Core */,
				E345085C293F888700060533 /* InstagramClone_SwiftUIApp.swift */,
				E3450860293F888800060533 /* Assets.xcassets */,
				E3450862293F888800060533 /* Preview Content */,
			);
			path = InstagramClone_SwiftUI;
			sourceTree = "<group>";
		};
		E3450862293F888800060533 /* Preview Content */ = {
			isa = PBXGroup;
			children = (
				E3450863293F888800060533 /* Preview Assets.xcassets */,
			);
			path = "Preview Content";
			sourceTree = "<group>";
		};
		E3B4FFE3293F88C400E4EF79 /* Core */ = {
			isa = PBXGroup;
			children = (
				E3B4FFE5293F88FD00E4EF79 /* Home */,
				E3B4FFE4293F88F200E4EF79 /* Components */,
			);
			path = Core;
			sourceTree = "<group>";
		};
		E3B4FFE4293F88F200E4EF79 /* Components */ = {
			isa = PBXGroup;
			children = (
				E3B4FFE7293F890F00E4EF79 /* BottomBarView.swift */,
				E3B4FFEB293F890F00E4EF79 /* HomeScreenBarView.swift */,
				E3B4FFEA293F890F00E4EF79 /* HomeStoryElementView.swift */,
				E3B4FFE6293F890F00E4EF79 /* PhotoPostView.swift */,
				E3B4FFE9293F890F00E4EF79 /* ProfileCardView.swift */,
				E3B4FFE8293F890F00E4EF79 /* SelfStoryElementView.swift */,
			);
			path = Components;
			sourceTree = "<group>";
		};
		E3B4FFE5293F88FD00E4EF79 /* Home */ = {
			isa = PBXGroup;
			children = (
				E3B4FFF2293F891800E4EF79 /* HomeView.swift */,
			);
			path = Home;
			sourceTree = "<group>";
		};
/* End PBXGroup section */

/* Begin PBXNativeTarget section */
		E3450858293F888700060533 /* InstagramClone_SwiftUI */ = {
			isa = PBXNativeTarget;
			buildConfigurationList = E3450867293F888800060533 /* Build configuration list for PBXNativeTarget "InstagramClone_SwiftUI" */;
			buildPhases = (
				E3450855293F888700060533 /* Sources */,
				E3450856293F888700060533 /* Frameworks */,
				E3450857293F888700060533 /* Resources */,
			);
			buildRules = (
			);
			dependencies = (
			);
			name = InstagramClone_SwiftUI;
			productName = InstagramClone_SwiftUI;
			productReference = E3450859293F888700060533 /* InstagramClone_SwiftUI.app */;
			productType = "com.apple.product-type.application";
		};
/* End PBXNativeTarget section */

/* Begin PBXProject section */
		E3450851293F888700060533 /* Project object */ = {
			isa = PBXProject;
			attributes = {
				BuildIndependentTargetsInParallel = 1;
				LastSwiftUpdateCheck = 1410;
				LastUpgradeCheck = 1410;
				TargetAttributes = {
					E3450858293F888700060533 = {
						CreatedOnToolsVersion = 14.1;
					};
				};
			};
			buildConfigurationList = E3450854293F888700060533 /* Build configuration list for PBXProject "InstagramClone_SwiftUI" */;
			compatibilityVersion = "Xcode 14.0";
			developmentRegion = en;
			hasScannedForEncodings = 0;
			knownRegions = (
				en,
				Base,
			);
			mainGroup = E3450850293F888700060533;
			productRefGroup = E345085A293F888700060533 /* Products */;
			projectDirPath = "";
			projectRoot = "";
			targets = (
				E3450858293F888700060533 /* InstagramClone_SwiftUI */,
			);
		};
/* End PBXProject section */

/* Begin PBXResourcesBuildPhase section */
		E3450857293F888700060533 /* Resources */ = {
			isa = PBXResourcesBuildPhase;
			buildActionMask = 2147483647;
			files = (
				E3450864293F888800060533 /* Preview Assets.xcassets in Resources */,
				E3450861293F888800060533 /* Assets.xcassets in Resources */,
			);
			runOnlyForDeploymentPostprocessing = 0;
		};
/* End PBXResourcesBuildPhase section */

/* Begin PBXSourcesBuildPhase section */
		E3450855293F888700060533 /* Sources */ = {
			isa = PBXSourcesBuildPhase;
			buildActionMask = 2147483647;
			files = (
				E3B4FFF3293F891800E4EF79 /* HomeView.swift in Sources */,
				E3B4FFF0293F890F00E4EF79 /* HomeStoryElementView.swift in Sources */,
				E3B4FFEC293F890F00E4EF79 /* PhotoPostView.swift in Sources */,
				E3B4FFF1293F890F00E4EF79 /* HomeScreenBarView.swift in Sources */,
				E345085D293F888700060533 /* InstagramClone_SwiftUIApp.swift in Sources */,
				E3B4FFEE293F890F00E4EF79 /* SelfStoryElementView.swift in Sources */,
				E3B4FFEF293F890F00E4EF79 /* ProfileCardView.swift in Sources */,
				E3B4FFED293F890F00E4EF79 /* BottomBarView.swift in Sources */,
			);
			runOnlyForDeploymentPostprocessing = 0;
		};
/* End PBXSourcesBuildPhase section */

/* Begin XCBuildConfiguration section */
		E3450865293F888800060533 /* Debug */ = {
			isa = XCBuildConfiguration;
			buildSettings = {
				ALWAYS_SEARCH_USER_PATHS = NO;
				CLANG_ANALYZER_NONNULL = YES;
				CLANG_ANALYZER_NUMBER_OBJECT_CONVERSION = YES_AGGRESSIVE;
				CLANG_CXX_LANGUAGE_STANDARD = "gnu++20";
				CLANG_ENABLE_MODULES = YES;
				CLANG_ENABLE_OBJC_ARC = YES;
				CLANG_ENABLE_OBJC_WEAK = YES;
				CLANG_WARN_BLOCK_CAPTURE_AUTORELEASING = YES;
				CLANG_WARN_BOOL_CONVERSION = YES;
				CLANG_WARN_COMMA = YES;
				CLANG_WARN_CONSTANT_CONVERSION = YES;
				CLANG_WARN_DEPRECATED_OBJC_IMPLEMENTATIONS = YES;
				CLANG_WARN_DIRECT_OBJC_ISA_USAGE = YES_ERROR;
				CLANG_WARN_DOCUMENTATION_COMMENTS = YES;
				CLANG_WARN_EMPTY_BODY = YES;
				CLANG_WARN_ENUM_CONVERSION = YES;
				CLANG_WARN_INFINITE_RECURSION = YES;
				CLANG_WARN_INT_CONVERSION = YES;
				CLANG_WARN_NON_LITERAL_NULL_CONVERSION = YES;
				CLANG_WARN_OBJC_IMPLICIT_RETAIN_SELF = YES;
				CLANG_WARN_OBJC_LITERAL_CONVERSION = YES;
				CLANG_WARN_OBJC_ROOT_CLASS = YES_ERROR;
				CLANG_WARN_QUOTED_INCLUDE_IN_FRAMEWORK_HEADER = YES;
				CLANG_WARN_RANGE_LOOP_ANALYSIS = YES;
				CLANG_WARN_STRICT_PROTOTYPES = YES;
				CLANG_WARN_SUSPICIOUS_MOVE = YES;
				CLANG_WARN_UNGUARDED_AVAILABILITY = YES_AGGRESSIVE;
				CLANG_WARN_UNREACHABLE_CODE = YES;
				CLANG_WARN__DUPLICATE_METHOD_MATCH = YES;
				COPY_PHASE_STRIP = NO;
				DEBUG_INFORMATION_FORMAT = dwarf;
				ENABLE_STRICT_OBJC_MSGSEND = YES;
				ENABLE_TESTABILITY = YES;
				GCC_C_LANGUAGE_STANDARD = gnu11;
				GCC_DYNAMIC_NO_PIC = NO;
				GCC_NO_COMMON_BLOCKS = YES;
				GCC_OPTIMIZATION_LEVEL = 0;
				GCC_PREPROCESSOR_DEFINITIONS = (
					"DEBUG=1",
					"$(inherited)",
				);
				GCC_WARN_64_TO_32_BIT_CONVERSION = YES;
				GCC_WARN_ABOUT_RETURN_TYPE = YES_ERROR;
				GCC_WARN_UNDECLARED_SELECTOR = YES;
				GCC_WARN_UNINITIALIZED_AUTOS = YES_AGGRESSIVE;
				GCC_WARN_UNUSED_FUNCTION = YES;
				GCC_WARN_UNUSED_VARIABLE = YES;
				IPHONEOS_DEPLOYMENT_TARGET = 16.1;
				MTL_ENABLE_DEBUG_INFO = INCLUDE_SOURCE;
				MTL_FAST_MATH = YES;
				ONLY_ACTIVE_ARCH = YES;
				SDKROOT = iphoneos;
				SWIFT_ACTIVE_COMPILATION_CONDITIONS = DEBUG;
				SWIFT_OPTIMIZATION_LEVEL = "-Onone";
			};
			name = Debug;
		};
		E3450866293F888800060533 /* Release */ = {
			isa = XCBuildConfiguration;
			buildSettings = {
				ALWAYS_SEARCH_USER_PATHS = NO;
				CLANG_ANALYZER_NONNULL = YES;
				CLANG_ANALYZER_NUMBER_OBJECT_CONVERSION = YES_AGGRESSIVE;
				CLANG_CXX_LANGUAGE_STANDARD = "gnu++20";
				CLANG_ENABLE_MODULES = YES;
				CLANG_ENABLE_OBJC_ARC = YES;
				CLANG_ENABLE_OBJC_WEAK = YES;
				CLANG_WARN_BLOCK_CAPTURE_AUTORELEASING = YES;
				CLANG_WARN_BOOL_CONVERSION = YES;
				CLANG_WARN_COMMA = YES;
				CLANG_WARN_CONSTANT_CONVERSION = YES;
				CLANG_WARN_DEPRECATED_OBJC_IMPLEMENTATIONS = YES;
				CLANG_WARN_DIRECT_OBJC_ISA_USAGE = YES_ERROR;
				CLANG_WARN_DOCUMENTATION_COMMENTS = YES;
				CLANG_WARN_EMPTY_BODY = YES;
				CLANG_WARN_ENUM_CONVERSION = YES;
				CLANG_WARN_INFINITE_RECURSION = YES;
				CLANG_WARN_INT_CONVERSION = YES;
				CLANG_WARN_NON_LITERAL_NULL_CONVERSION = YES;
				CLANG_WARN_OBJC_IMPLICIT_RETAIN_SELF = YES;
				CLANG_WARN_OBJC_LITERAL_CONVERSION = YES;
				CLANG_WARN_OBJC_ROOT_CLASS = YES_ERROR;
				CLANG_WARN_QUOTED_INCLUDE_IN_FRAMEWORK_HEADER = YES;
				CLANG_WARN_RANGE_LOOP_ANALYSIS = YES;
				CLANG_WARN_STRICT_PROTOTYPES = YES;
				CLANG_WARN_SUSPICIOUS_MOVE = YES;
				CLANG_WARN_UNGUARDED_AVAILABILITY = YES_AGGRESSIVE;
				CLANG_WARN_UNREACHABLE_CODE = YES;
				CLANG_WARN__DUPLICATE_METHOD_MATCH = YES;
				COPY_PHASE_STRIP = NO;
				DEBUG_INFORMATION_FORMAT = "dwarf-with-dsym";
				ENABLE_NS_ASSERTIONS = NO;
				ENABLE_STRICT_OBJC_MSGSEND = YES;
				GCC_C_LANGUAGE_STANDARD = gnu11;
				GCC_NO_COMMON_BLOCKS = YES;
				GCC_WARN_64_TO_32_BIT_CONVERSION = YES;
				GCC_WARN_ABOUT_RETURN_TYPE = YES_ERROR;
				GCC_WARN_UNDECLARED_SELECTOR = YES;
				GCC_WARN_UNINITIALIZED_AUTOS = YES_AGGRESSIVE;
				GCC_WARN_UNUSED_FUNCTION = YES;
				GCC_WARN_UNUSED_VARIABLE = YES;
				IPHONEOS_DEPLOYMENT_TARGET = 16.1;
				MTL_ENABLE_DEBUG_INFO = NO;
				MTL_FAST_MATH = YES;
				SDKROOT = iphoneos;
				SWIFT_COMPILATION_MODE = wholemodule;
				SWIFT_OPTIMIZATION_LEVEL = "-O";
				VALIDATE_PRODUCT = YES;
			};
			name = Release;
		};
		E3450868293F888800060533 /* Debug */ = {
			isa = XCBuildConfiguration;
			buildSettings = {
				ASSETCATALOG_COMPILER_APPICON_NAME = AppIcon;
				ASSETCATALOG_COMPILER_GLOBAL_ACCENT_COLOR_NAME = AccentColor;
				CODE_SIGN_STYLE = Automatic;
				CURRENT_PROJECT_VERSION = 1;
				DEVELOPMENT_ASSET_PATHS = "\"InstagramClone_SwiftUI/Preview Content\"";
				DEVELOPMENT_TEAM = H8B8J95S49;
				ENABLE_PREVIEWS = YES;
				GENERATE_INFOPLIST_FILE = YES;
				INFOPLIST_KEY_UIApplicationSceneManifest_Generation = YES;
				INFOPLIST_KEY_UIApplicationSupportsIndirectInputEvents = YES;
				INFOPLIST_KEY_UILaunchScreen_Generation = YES;
				INFOPLIST_KEY_UISupportedInterfaceOrientations_iPad = "UIInterfaceOrientationPortrait UIInterfaceOrientationPortraitUpsideDown UIInterfaceOrientationLandscapeLeft UIInterfaceOrientationLandscapeRight";
				INFOPLIST_KEY_UISupportedInterfaceOrientations_iPhone = "UIInterfaceOrientationPortrait UIInterfaceOrientationLandscapeLeft UIInterfaceOrientationLandscapeRight";
				LD_RUNPATH_SEARCH_PATHS = (
					"$(inherited)",
					"@executable_path/Frameworks",
				);
				MARKETING_VERSION = 1.0;
				PRODUCT_BUNDLE_IDENTIFIER = "akifakkaya.InstagramClone-SwiftUI";
				PRODUCT_NAME = "$(TARGET_NAME)";
				SWIFT_EMIT_LOC_STRINGS = YES;
				SWIFT_VERSION = 5.0;
				TARGETED_DEVICE_FAMILY = "1,2";
			};
			name = Debug;
		};
		E3450869293F888800060533 /* Release */ = {
			isa = XCBuildConfiguration;
			buildSettings = {
				ASSETCATALOG_COMPILER_APPICON_NAME = AppIcon;
				ASSETCATALOG_COMPILER_GLOBAL_ACCENT_COLOR_NAME = AccentColor;
				CODE_SIGN_STYLE = Automatic;
				CURRENT_PROJECT_VERSION = 1;
				DEVELOPMENT_ASSET_PATHS = "\"InstagramClone_SwiftUI/Preview Content\"";
				DEVELOPMENT_TEAM = H8B8J95S49;
				ENABLE_PREVIEWS = YES;
				GENERATE_INFOPLIST_FILE = YES;
				INFOPLIST_KEY_UIApplicationSceneManifest_Generation = YES;
				INFOPLIST_KEY_UIApplicationSupportsIndirectInputEvents = YES;
				INFOPLIST_KEY_UILaunchScreen_Generation = YES;
				INFOPLIST_KEY_UISupportedInterfaceOrientations_iPad = "UIInterfaceOrientationPortrait UIInterfaceOrientationPortraitUpsideDown UIInterfaceOrientationLandscapeLeft UIInterfaceOrientationLandscapeRight";
				INFOPLIST_KEY_UISupportedInterfaceOrientations_iPhone = "UIInterfaceOrientationPortrait UIInterfaceOrientationLandscapeLeft UIInterfaceOrientationLandscapeRight";
				LD_RUNPATH_SEARCH_PATHS = (
					"$(inherited)",
					"@executable_path/Frameworks",
				);
				MARKETING_VERSION = 1.0;
				PRODUCT_BUNDLE_IDENTIFIER = "akifakkaya.InstagramClone-SwiftUI";
				PRODUCT_NAME = "$(TARGET_NAME)";
				SWIFT_EMIT_LOC_STRINGS = YES;
				SWIFT_VERSION = 5.0;
				TARGETED_DEVICE_FAMILY = "1,2";
			};
			name = Release;
		};
/* End XCBuildConfiguration section */

/* Begin XCConfigurationList section */
		E3450854293F888700060533 /* Build configuration list for PBXProject "InstagramClone_SwiftUI" */ = {
			isa = XCConfigurationList;
			buildConfigurations = (
				E3450865293F888800060533 /* Debug */,
				E3450866293F888800060533 /* Release */,
			);
			defaultConfigurationIsVisible = 0;
			defaultConfigurationName = Release;
		};
		E3450867293F888800060533 /* Build configuration list for PBXNativeTarget "InstagramClone_SwiftUI" */ = {
			isa = XCConfigurationList;
			buildConfigurations = (
				E3450868293F888800060533 /* Debug */,
				E3450869293F888800060533 /* Release */,
			);
			defaultConfigurationIsVisible = 0;
			defaultConfigurationName = Release;
		};
/* End XCConfigurationList section */
	};
	rootObject = E3450851293F888700060533 /* Project object */;
}
